
Microsoft Visual Studio Solution File, Format Version 12.00
# Visual Studio Version 16
VisualStudioVersion = 16.0.29306.81
MinimumVisualStudioVersion = 10.0.40219.1
Project("{9A19103F-16F7-4668-BE54-9A1E7A4F7556}") = "NATS.RPC.Proxy", "NATS.RPC\NATS.RPC.Proxy.csproj", "{F1E430BC-26A0-4466-9F27-53E78632E0AA}"
EndProject
Project("{9A19103F-16F7-4668-BE54-9A1E7A4F7556}") = "NATS.RPC.Console", "NATS.RPC.Console\NATS.RPC.Console.csproj", "{76D012DE-4FAC-4472-9143-A08F10FBE9CC}"
EndProject
Project("{FAE04EC0-301F-11D3-BF4B-00C04F79EFBC}") = "NATS.RPC.Service", "NATS.RPC.Service\NATS.RPC.Service.csproj", "{EBC49681-A082-42C8-AE37-C770EA045F81}"
EndProject
Global
	GlobalSection(SolutionConfigurationPlatforms) = preSolution
		Debug|Any CPU = Debug|Any CPU
		Release|Any CPU = Release|Any CPU
	EndGlobalSection
	GlobalSection(ProjectConfigurationPlatforms) = postSolution
		{F1E430BC-26A0-4466-9F27-53E78632E0AA}.Debug|Any CPU.ActiveCfg = Debug|Any CPU
		{F1E430BC-26A0-4466-9F27-53E78632E0AA}.Debug|Any CPU.Build.0 = Debug|Any CPU
		{F1E430BC-26A0-4466-9F27-53E78632E0AA}.Release|Any CPU.ActiveCfg = Release|Any CPU
		{F1E430BC-26A0-4466-9F27-53E78632E0AA}.Release|Any CPU.Build.0 = Release|Any CPU
		{76D012DE-4FAC-4472-9143-A08F10FBE9CC}.Debug|Any CPU.ActiveCfg = Debug|Any CPU
		{76D012DE-4FAC-4472-9143-A08F10FBE9CC}.Debug|Any CPU.Build.0 = Debug|Any CPU
		{76D012DE-4FAC-4472-9143-A08F10FBE9CC}.Release|Any CPU.ActiveCfg = Release|Any CPU
		{76D012DE-4FAC-4472-9143-A08F10FBE9CC}.Release|Any CPU.Build.0 = Release|Any CPU
		{EBC49681-A082-42C8-AE37-C770EA045F81}.Debug|Any CPU.ActiveCfg = Debug|Any CPU
		{EBC49681-A082-42C8-AE37-C770EA045F81}.Debug|Any CPU.Build.0 = Debug|Any CPU
		{EBC49681-A082-42C8-AE37-C770EA045F81}.Release|Any CPU.ActiveCfg = Release|Any CPU
		{EBC49681-A082-42C8-AE37-C770EA045F81}.Release|Any CPU.Build.0 = Release|Any CPU
	EndGlobalSection
	GlobalSection(SolutionProperties) = preSolution
		HideSolutionNode = FALSE
	EndGlobalSection
	GlobalSection(ExtensibilityGlobals) = postSolution
		SolutionGuid = {3D3D28F1-2D10-40FB-851E-878E67EF797A}
	EndGlobalSection
EndGlobal
